# generated by rye
# use `rye lock` or `rye sync` to update this lockfile
#
# last locked with the following flags:
#   pre: false
#   features: []
#   all-features: false
#   with-sources: false
#   generate-hashes: false
#   universal: false

annotated-types==0.7.0
    # via pydantic
asyncio==3.4.3
attrs==23.2.0
    # via jsonlines
certifi==2024.7.4
    # via requests
charset-normalizer==3.3.2
    # via requests
cloudflare==2.19.4
docker==7.1.0
exceptiongroup==1.2.2
    # via pydantic-settings-file-envar
idna==3.7
    # via requests
jsonlines==4.0.0
    # via cloudflare
pydantic==2.8.2
    # via pydantic-settings
pydantic-core==2.20.1
    # via pydantic
pydantic-settings==2.3.4
    # via pydantic-settings-file-envar
pydantic-settings-file-envar==0.1.0
python-dotenv==1.0.1
    # via pydantic-settings
pyyaml==6.0.1
    # via cloudflare
requests==2.32.3
    # via cloudflare
    # via docker
typing-extensions==4.12.2
    # via pydantic
    # via pydantic-core
urllib3==2.2.2
    # via docker
    # via requests
